
Microsoft Visual Studio Solution File, Format Version 12.00
# Visual Studio Version 17
VisualStudioVersion = 17.6.33815.320
MinimumVisualStudioVersion = 10.0.40219.1
Project("{FAE04EC0-301F-11D3-BF4B-00C04F79EFBC}") = "FluentHttpClient.Extensions.Library", "FluentHttpClient.Extensions.Library\FluentHttpClient.Extensions.Library.csproj", "{9745D525-FDD1-4421-82A8-9C1EC8E20726}"
EndProject
Global
	GlobalSection(SolutionConfigurationPlatforms) = preSolution
		Debug|Any CPU = Debug|Any CPU
		Release|Any CPU = Release|Any CPU
	EndGlobalSection
	GlobalSection(ProjectConfigurationPlatforms) = postSolution
		{9745D525-FDD1-4421-82A8-9C1EC8E20726}.Debug|Any CPU.ActiveCfg = Debug|Any CPU
		{9745D525-FDD1-4421-82A8-9C1EC8E20726}.Debug|Any CPU.Build.0 = Debug|Any CPU
		{9745D525-FDD1-4421-82A8-9C1EC8E20726}.Release|Any CPU.ActiveCfg = Release|Any CPU
		{9745D525-FDD1-4421-82A8-9C1EC8E20726}.Release|Any CPU.Build.0 = Release|Any CPU
	EndGlobalSection
	GlobalSection(SolutionProperties) = preSolution
		HideSolutionNode = FALSE
	EndGlobalSection
	GlobalSection(ExtensibilityGlobals) = postSolution
		SolutionGuid = {3ECFFEDF-3D84-434B-9EF7-9D7E6C7432EC}
	EndGlobalSection
EndGlobal
